
Microsoft Visual Studio Solution File, Format Version 12.00
# Visual Studio Version 17
VisualStudioVersion = 17.0.31912.275
MinimumVisualStudioVersion = 10.0.40219.1
Project("{FAE04EC0-301F-11D3-BF4B-00C04F79EFBC}") = "netCore6x", "netCore6x\netCore6x.csproj", "{898AB43F-A0B9-4216-95D5-3BC571AA8217}"
EndProject
Global
	GlobalSection(SolutionConfigurationPlatforms) = preSolution
		Debug|Any CPU = Debug|Any CPU
		Release|Any CPU = Release|Any CPU
	EndGlobalSection
	GlobalSection(ProjectConfigurationPlatforms) = postSolution
		{898AB43F-A0B9-4216-95D5-3BC571AA8217}.Debug|Any CPU.ActiveCfg = Debug|Any CPU
		{898AB43F-A0B9-4216-95D5-3BC571AA8217}.Debug|Any CPU.Build.0 = Debug|Any CPU
		{898AB43F-A0B9-4216-95D5-3BC571AA8217}.Release|Any CPU.ActiveCfg = Release|Any CPU
		{898AB43F-A0B9-4216-95D5-3BC571AA8217}.Release|Any CPU.Build.0 = Release|Any CPU
	EndGlobalSection
	GlobalSection(SolutionProperties) = preSolution
		HideSolutionNode = FALSE
	EndGlobalSection
	GlobalSection(ExtensibilityGlobals) = postSolution
		SolutionGuid = {CD2BF734-3839-40BF-A8C3-36013F80655C}
	EndGlobalSection
EndGlobal
