{
  "name": "asp.net",
  "version": "1.0.0",
  "lockfileVersion": 1,
  "requires": true,
  "dependencies": {
    "@syncfusion/ej2-js-es5": {
      "version": "19.4.38",
      "resolved": "https://registry.npmjs.org/@syncfusion/ej2-js-es5/-/ej2-js-es5-19.4.38.tgz",
      "integrity": "sha512-ums/vwTnTvSWm6+6jUFGbvlsR87IjqYmQmvg3rMrlJ0/5X8cVPVd9VRUnbHsPQr/FxL3MyebGWwUznH54i3eDg==",
      "dev": true
    }
  }
}
